
Microsoft Visual Studio Solution File, Format Version 12.00
# Visual Studio Version 16
VisualStudioVersion = 16.0.31205.134
MinimumVisualStudioVersion = 10.0.40219.1
Project("{9A19103F-16F7-4668-BE54-9A1E7A4F7556}") = "kodlama.io_denemeleri", "kodlama.io_denemeleri\kodlama.io_denemeleri.csproj", "{A041E5B0-1E7A-46A8-8130-CAB729430E53}"
EndProject
Project("{FAE04EC0-301F-11D3-BF4B-00C04F79EFBC}") = "OyunDenemesi", "OyunDenemesi\OyunDenemesi.csproj", "{7A1E5342-D312-4C48-BC4E-D03AC44EEAC3}"
EndProject
Global
	GlobalSection(SolutionConfigurationPlatforms) = preSolution
		Debug|Any CPU = Debug|Any CPU
		Release|Any CPU = Release|Any CPU
	EndGlobalSection
	GlobalSection(ProjectConfigurationPlatforms) = postSolution
		{A041E5B0-1E7A-46A8-8130-CAB729430E53}.Debug|Any CPU.ActiveCfg = Debug|Any CPU
		{A041E5B0-1E7A-46A8-8130-CAB729430E53}.Debug|Any CPU.Build.0 = Debug|Any CPU
		{A041E5B0-1E7A-46A8-8130-CAB729430E53}.Release|Any CPU.ActiveCfg = Release|Any CPU
		{A041E5B0-1E7A-46A8-8130-CAB729430E53}.Release|Any CPU.Build.0 = Release|Any CPU
		{7A1E5342-D312-4C48-BC4E-D03AC44EEAC3}.Debug|Any CPU.ActiveCfg = Debug|Any CPU
		{7A1E5342-D312-4C48-BC4E-D03AC44EEAC3}.Debug|Any CPU.Build.0 = Debug|Any CPU
		{7A1E5342-D312-4C48-BC4E-D03AC44EEAC3}.Release|Any CPU.ActiveCfg = Release|Any CPU
		{7A1E5342-D312-4C48-BC4E-D03AC44EEAC3}.Release|Any CPU.Build.0 = Release|Any CPU
	EndGlobalSection
	GlobalSection(SolutionProperties) = preSolution
		HideSolutionNode = FALSE
	EndGlobalSection
	GlobalSection(ExtensibilityGlobals) = postSolution
		SolutionGuid = {8CF84CE9-F062-42A2-B0B5-3DEE0B6D7339}
	EndGlobalSection
EndGlobal
